
Microsoft Visual Studio Solution File, Format Version 12.00
# Visual Studio Version 17
VisualStudioVersion = 17.11.35312.102
MinimumVisualStudioVersion = 10.0.40219.1
Project("{9A19103F-16F7-4668-BE54-9A1E7A4F7556}") = "MaskWebApi", "MaskWebApi\MaskWebApi.csproj", "{9EF3B289-E559-4A5C-B2B8-33F5A9CCD424}"
EndProject
Global
	GlobalSection(SolutionConfigurationPlatforms) = preSolution
		Debug|Any CPU = Debug|Any CPU
		Release|Any CPU = Release|Any CPU
	EndGlobalSection
	GlobalSection(ProjectConfigurationPlatforms) = postSolution
		{9EF3B289-E559-4A5C-B2B8-33F5A9CCD424}.Debug|Any CPU.ActiveCfg = Debug|Any CPU
		{9EF3B289-E559-4A5C-B2B8-33F5A9CCD424}.Debug|Any CPU.Build.0 = Debug|Any CPU
		{9EF3B289-E559-4A5C-B2B8-33F5A9CCD424}.Release|Any CPU.ActiveCfg = Release|Any CPU
		{9EF3B289-E559-4A5C-B2B8-33F5A9CCD424}.Release|Any CPU.Build.0 = Release|Any CPU
	EndGlobalSection
	GlobalSection(SolutionProperties) = preSolution
		HideSolutionNode = FALSE
	EndGlobalSection
	GlobalSection(ExtensibilityGlobals) = postSolution
		SolutionGuid = {251D61E6-8BF6-4415-963E-3761F1BE4E03}
	EndGlobalSection
EndGlobal
